// !$*UTF8*$!
{
	archiveVersion = 1;
	classes = {
	};
	objectVersion = 56;
	objects = {

/* Begin PBXBuildFile section */
		7809B95E2CC7D98600D089BF /* App967App.swift in Sources */ = {isa = PBXBuildFile; fileRef = 7809B95D2CC7D98600D089BF /* App967App.swift */; };
		7809B9602CC7D98600D089BF /* ContentView.swift in Sources */ = {isa = PBXBuildFile; fileRef = 7809B95F2CC7D98600D089BF /* ContentView.swift */; };
		7809B9622CC7D98800D089BF /* Assets.xcassets in Resources */ = {isa = PBXBuildFile; fileRef = 7809B9612CC7D98800D089BF /* Assets.xcassets */; };
		7809B9662CC7D98800D089BF /* Preview Assets.xcassets in Resources */ = {isa = PBXBuildFile; fileRef = 7809B9652CC7D98800D089BF /* Preview Assets.xcassets */; };
		7809B9792CC7DA9E00D089BF /* HomeView.swift in Sources */ = {isa = PBXBuildFile; fileRef = 7809B9782CC7DA9E00D089BF /* HomeView.swift */; };
		7809B97B2CC7DAA700D089BF /* ObjectivesView.swift in Sources */ = {isa = PBXBuildFile; fileRef = 7809B97A2CC7DAA700D089BF /* ObjectivesView.swift */; };
		7809B97D2CC7DAAD00D089BF /* SettingsView.swift in Sources */ = {isa = PBXBuildFile; fileRef = 7809B97C2CC7DAAD00D089BF /* SettingsView.swift */; };
		7809B97F2CC7DCB400D089BF /* CoreDataStack.swift in Sources */ = {isa = PBXBuildFile; fileRef = 7809B97E2CC7DCB400D089BF /* CoreDataStack.swift */; };
		7809B9812CC7DCC000D089BF /* Array.swift in Sources */ = {isa = PBXBuildFile; fileRef = 7809B9802CC7DCC000D089BF /* Array.swift */; };
		7809B9832CC7DCE600D089BF /* TabBar.swift in Sources */ = {isa = PBXBuildFile; fileRef = 7809B9822CC7DCE600D089BF /* TabBar.swift */; };
		7809B9852CC7DCEC00D089BF /* R1.swift in Sources */ = {isa = PBXBuildFile; fileRef = 7809B9842CC7DCEC00D089BF /* R1.swift */; };
		7809B9872CC7DCF300D089BF /* R2.swift in Sources */ = {isa = PBXBuildFile; fileRef = 7809B9862CC7DCF300D089BF /* R2.swift */; };
		7809B9892CC7DCF800D089BF /* R3.swift in Sources */ = {isa = PBXBuildFile; fileRef = 7809B9882CC7DCF800D089BF /* R3.swift */; };
		7809B98B2CC7DD0400D089BF /* U1.swift in Sources */ = {isa = PBXBuildFile; fileRef = 7809B98A2CC7DD0400D089BF /* U1.swift */; };
		7809B98D2CC7DD0B00D089BF /* Reviews.swift in Sources */ = {isa = PBXBuildFile; fileRef = 7809B98C2CC7DD0B00D089BF /* Reviews.swift */; };
		7809B98F2CC7DD1800D089BF /* Not.swift in Sources */ = {isa = PBXBuildFile; fileRef = 7809B98E2CC7DD1800D089BF /* Not.swift */; };
		7809B9912CC7DD2100D089BF /* LoadingView.swift in Sources */ = {isa = PBXBuildFile; fileRef = 7809B9902CC7DD2100D089BF /* LoadingView.swift */; };
		7809B9932CC7DD2900D089BF /* Launch Screen.storyboard in Resources */ = {isa = PBXBuildFile; fileRef = 7809B9922CC7DD2900D089BF /* Launch Screen.storyboard */; };
		7809B9952CC7DE0F00D089BF /* DateConvert.swift in Sources */ = {isa = PBXBuildFile; fileRef = 7809B9942CC7DE0F00D089BF /* DateConvert.swift */; };
		7809B9972CC80AFA00D089BF /* HomeViewModel.swift in Sources */ = {isa = PBXBuildFile; fileRef = 7809B9962CC80AFA00D089BF /* HomeViewModel.swift */; };
		7809B99A2CC8107700D089BF /* AddStat.swift in Sources */ = {isa = PBXBuildFile; fileRef = 7809B9992CC8107700D089BF /* AddStat.swift */; };
		7809B99D2CC8116E00D089BF /* CoreModel.xcdatamodeld in Sources */ = {isa = PBXBuildFile; fileRef = 7809B99B2CC8116E00D089BF /* CoreModel.xcdatamodeld */; };
		7809B99F2CC9240900D089BF /* ObjectivesViewModel.swift in Sources */ = {isa = PBXBuildFile; fileRef = 7809B99E2CC9240900D089BF /* ObjectivesViewModel.swift */; };
		7809B9A22CC925CB00D089BF /* AddTask.swift in Sources */ = {isa = PBXBuildFile; fileRef = 7809B9A12CC925CB00D089BF /* AddTask.swift */; };
/* End PBXBuildFile section */

/* Begin PBXFileReference section */
		7809B95A2CC7D98600D089BF /* App967.app */ = {isa = PBXFileReference; explicitFileType = wrapper.application; includeInIndex = 0; path = App967.app; sourceTree = BUILT_PRODUCTS_DIR; };
		7809B95D2CC7D98600D089BF /* App967App.swift */ = {isa = PBXFileReference; lastKnownFileType = sourcecode.swift; path = App967App.swift; sourceTree = "<group>"; };
		7809B95F2CC7D98600D089BF /* ContentView.swift */ = {isa = PBXFileReference; lastKnownFileType = sourcecode.swift; path = ContentView.swift; sourceTree = "<group>"; };
		7809B9612CC7D98800D089BF /* Assets.xcassets */ = {isa = PBXFileReference; lastKnownFileType = folder.assetcatalog; path = Assets.xcassets; sourceTree = "<group>"; };
		7809B9632CC7D98800D089BF /* App967.entitlements */ = {isa = PBXFileReference; lastKnownFileType = text.plist.entitlements; path = App967.entitlements; sourceTree = "<group>"; };
		7809B9652CC7D98800D089BF /* Preview Assets.xcassets */ = {isa = PBXFileReference; lastKnownFileType = folder.assetcatalog; path = "Preview Assets.xcassets"; sourceTree = "<group>"; };
		7809B9782CC7DA9E00D089BF /* HomeView.swift */ = {isa = PBXFileReference; lastKnownFileType = sourcecode.swift; path = HomeView.swift; sourceTree = "<group>"; };
		7809B97A2CC7DAA700D089BF /* ObjectivesView.swift */ = {isa = PBXFileReference; lastKnownFileType = sourcecode.swift; path = ObjectivesView.swift; sourceTree = "<group>"; };
		7809B97C2CC7DAAD00D089BF /* SettingsView.swift */ = {isa = PBXFileReference; lastKnownFileType = sourcecode.swift; path = SettingsView.swift; sourceTree = "<group>"; };
		7809B97E2CC7DCB400D089BF /* CoreDataStack.swift */ = {isa = PBXFileReference; lastKnownFileType = sourcecode.swift; path = CoreDataStack.swift; sourceTree = "<group>"; };
		7809B9802CC7DCC000D089BF /* Array.swift */ = {isa = PBXFileReference; lastKnownFileType = sourcecode.swift; path = Array.swift; sourceTree = "<group>"; };
		7809B9822CC7DCE600D089BF /* TabBar.swift */ = {isa = PBXFileReference; lastKnownFileType = sourcecode.swift; path = TabBar.swift; sourceTree = "<group>"; };
		7809B9842CC7DCEC00D089BF /* R1.swift */ = {isa = PBXFileReference; lastKnownFileType = sourcecode.swift; path = R1.swift; sourceTree = "<group>"; };
		7809B9862CC7DCF300D089BF /* R2.swift */ = {isa = PBXFileReference; lastKnownFileType = sourcecode.swift; path = R2.swift; sourceTree = "<group>"; };
		7809B9882CC7DCF800D089BF /* R3.swift */ = {isa = PBXFileReference; lastKnownFileType = sourcecode.swift; path = R3.swift; sourceTree = "<group>"; };
		7809B98A2CC7DD0400D089BF /* U1.swift */ = {isa = PBXFileReference; lastKnownFileType = sourcecode.swift; path = U1.swift; sourceTree = "<group>"; };
		7809B98C2CC7DD0B00D089BF /* Reviews.swift */ = {isa = PBXFileReference; lastKnownFileType = sourcecode.swift; path = Reviews.swift; sourceTree = "<group>"; };
		7809B98E2CC7DD1800D089BF /* Not.swift */ = {isa = PBXFileReference; lastKnownFileType = sourcecode.swift; path = Not.swift; sourceTree = "<group>"; };
		7809B9902CC7DD2100D089BF /* LoadingView.swift */ = {isa = PBXFileReference; lastKnownFileType = sourcecode.swift; path = LoadingView.swift; sourceTree = "<group>"; };
		7809B9922CC7DD2900D089BF /* Launch Screen.storyboard */ = {isa = PBXFileReference; lastKnownFileType = file.storyboard; path = "Launch Screen.storyboard"; sourceTree = "<group>"; };
		7809B9942CC7DE0F00D089BF /* DateConvert.swift */ = {isa = PBXFileReference; lastKnownFileType = sourcecode.swift; path = DateConvert.swift; sourceTree = "<group>"; };
		7809B9962CC80AFA00D089BF /* HomeViewModel.swift */ = {isa = PBXFileReference; lastKnownFileType = sourcecode.swift; path = HomeViewModel.swift; sourceTree = "<group>"; };
		7809B9992CC8107700D089BF /* AddStat.swift */ = {isa = PBXFileReference; lastKnownFileType = sourcecode.swift; path = AddStat.swift; sourceTree = "<group>"; };
		7809B99C2CC8116E00D089BF /* CoreModel.xcdatamodel */ = {isa = PBXFileReference; lastKnownFileType = wrapper.xcdatamodel; path = CoreModel.xcdatamodel; sourceTree = "<group>"; };
		7809B99E2CC9240900D089BF /* ObjectivesViewModel.swift */ = {isa = PBXFileReference; lastKnownFileType = sourcecode.swift; path = ObjectivesViewModel.swift; sourceTree = "<group>"; };
		7809B9A12CC925CB00D089BF /* AddTask.swift */ = {isa = PBXFileReference; lastKnownFileType = sourcecode.swift; path = AddTask.swift; sourceTree = "<group>"; };
/* End PBXFileReference section */

/* Begin PBXFrameworksBuildPhase section */
		7809B9572CC7D98600D089BF /* Frameworks */ = {
			isa = PBXFrameworksBuildPhase;
			buildActionMask = 2147483647;
			files = (
			);
			runOnlyForDeploymentPostprocessing = 0;
		};
/* End PBXFrameworksBuildPhase section */

/* Begin PBXGroup section */
		7809B9512CC7D98600D089BF = {
			isa = PBXGroup;
			children = (
				7809B95C2CC7D98600D089BF /* App967 */,
				7809B95B2CC7D98600D089BF /* Products */,
			);
			sourceTree = "<group>";
		};
		7809B95B2CC7D98600D089BF /* Products */ = {
			isa = PBXGroup;
			children = (
				7809B95A2CC7D98600D089BF /* App967.app */,
			);
			name = Products;
			sourceTree = "<group>";
		};
		7809B95C2CC7D98600D089BF /* App967 */ = {
			isa = PBXGroup;
			children = (
				7809B96C2CC7DA3800D089BF /* Project */,
				7809B95D2CC7D98600D089BF /* App967App.swift */,
				7809B95F2CC7D98600D089BF /* ContentView.swift */,
				7809B9612CC7D98800D089BF /* Assets.xcassets */,
				7809B9632CC7D98800D089BF /* App967.entitlements */,
				7809B9642CC7D98800D089BF /* Preview Content */,
			);
			path = App967;
			sourceTree = "<group>";
		};
		7809B9642CC7D98800D089BF /* Preview Content */ = {
			isa = PBXGroup;
			children = (
				7809B9652CC7D98800D089BF /* Preview Assets.xcassets */,
			);
			path = "Preview Content";
			sourceTree = "<group>";
		};
		7809B96C2CC7DA3800D089BF /* Project */ = {
			isa = PBXGroup;
			children = (
				7809B9702CC7DA5500D089BF /* Views */,
				7809B96F2CC7DA4F00D089BF /* Extensions */,
				7809B96E2CC7DA4600D089BF /* TabBar */,
				7809B96D2CC7DA4000D089BF /* Start */,
			);
			path = Project;
			sourceTree = "<group>";
		};
		7809B96D2CC7DA4000D089BF /* Start */ = {
			isa = PBXGroup;
			children = (
				7809B9742CC7DA6F00D089BF /* R */,
				7809B9732CC7DA6B00D089BF /* U */,
				7809B9722CC7DA6600D089BF /* Loading */,
				7809B9712CC7DA5A00D089BF /* Launch */,
			);
			path = Start;
			sourceTree = "<group>";
		};
		7809B96E2CC7DA4600D089BF /* TabBar */ = {
			isa = PBXGroup;
			children = (
				7809B9822CC7DCE600D089BF /* TabBar.swift */,
			);
			path = TabBar;
			sourceTree = "<group>";
		};
		7809B96F2CC7DA4F00D089BF /* Extensions */ = {
			isa = PBXGroup;
			children = (
				7809B97E2CC7DCB400D089BF /* CoreDataStack.swift */,
				7809B9802CC7DCC000D089BF /* Array.swift */,
				7809B9942CC7DE0F00D089BF /* DateConvert.swift */,
				7809B99B2CC8116E00D089BF /* CoreModel.xcdatamodeld */,
			);
			path = Extensions;
			sourceTree = "<group>";
		};
		7809B9702CC7DA5500D089BF /* Views */ = {
			isa = PBXGroup;
			children = (
				7809B9772CC7DA8D00D089BF /* Settings */,
				7809B9762CC7DA8400D089BF /* Objectives */,
				7809B9752CC7DA7F00D089BF /* Home */,
			);
			path = Views;
			sourceTree = "<group>";
		};
		7809B9712CC7DA5A00D089BF /* Launch */ = {
			isa = PBXGroup;
			children = (
				7809B9922CC7DD2900D089BF /* Launch Screen.storyboard */,
			);
			path = Launch;
			sourceTree = "<group>";
		};
		7809B9722CC7DA6600D089BF /* Loading */ = {
			isa = PBXGroup;
			children = (
				7809B9902CC7DD2100D089BF /* LoadingView.swift */,
			);
			path = Loading;
			sourceTree = "<group>";
		};
		7809B9732CC7DA6B00D089BF /* U */ = {
			isa = PBXGroup;
			children = (
				7809B98A2CC7DD0400D089BF /* U1.swift */,
				7809B98C2CC7DD0B00D089BF /* Reviews.swift */,
				7809B98E2CC7DD1800D089BF /* Not.swift */,
			);
			path = U;
			sourceTree = "<group>";
		};
		7809B9742CC7DA6F00D089BF /* R */ = {
			isa = PBXGroup;
			children = (
				7809B9842CC7DCEC00D089BF /* R1.swift */,
				7809B9862CC7DCF300D089BF /* R2.swift */,
				7809B9882CC7DCF800D089BF /* R3.swift */,
			);
			path = R;
			sourceTree = "<group>";
		};
		7809B9752CC7DA7F00D089BF /* Home */ = {
			isa = PBXGroup;
			children = (
				7809B9982CC8106A00D089BF /* AddStat */,
				7809B9782CC7DA9E00D089BF /* HomeView.swift */,
				7809B9962CC80AFA00D089BF /* HomeViewModel.swift */,
			);
			path = Home;
			sourceTree = "<group>";
		};
		7809B9762CC7DA8400D089BF /* Objectives */ = {
			isa = PBXGroup;
			children = (
				7809B9A02CC925BF00D089BF /* AddTask */,
				7809B97A2CC7DAA700D089BF /* ObjectivesView.swift */,
				7809B99E2CC9240900D089BF /* ObjectivesViewModel.swift */,
			);
			path = Objectives;
			sourceTree = "<group>";
		};
		7809B9772CC7DA8D00D089BF /* Settings */ = {
			isa = PBXGroup;
			children = (
				7809B97C2CC7DAAD00D089BF /* SettingsView.swift */,
			);
			path = Settings;
			sourceTree = "<group>";
		};
		7809B9982CC8106A00D089BF /* AddStat */ = {
			isa = PBXGroup;
			children = (
				7809B9992CC8107700D089BF /* AddStat.swift */,
			);
			path = AddStat;
			sourceTree = "<group>";
		};
		7809B9A02CC925BF00D089BF /* AddTask */ = {
			isa = PBXGroup;
			children = (
				7809B9A12CC925CB00D089BF /* AddTask.swift */,
			);
			path = AddTask;
			sourceTree = "<group>";
		};
/* End PBXGroup section */

/* Begin PBXNativeTarget section */
		7809B9592CC7D98600D089BF /* App967 */ = {
			isa = PBXNativeTarget;
			buildConfigurationList = 7809B9692CC7D98800D089BF /* Build configuration list for PBXNativeTarget "App967" */;
			buildPhases = (
				7809B9562CC7D98600D089BF /* Sources */,
				7809B9572CC7D98600D089BF /* Frameworks */,
				7809B9582CC7D98600D089BF /* Resources */,
			);
			buildRules = (
			);
			dependencies = (
			);
			name = App967;
			productName = App967;
			productReference = 7809B95A2CC7D98600D089BF /* App967.app */;
			productType = "com.apple.product-type.application";
		};
/* End PBXNativeTarget section */

/* Begin PBXProject section */
		7809B9522CC7D98600D089BF /* Project object */ = {
			isa = PBXProject;
			attributes = {
				BuildIndependentTargetsInParallel = 1;
				LastSwiftUpdateCheck = 1540;
				LastUpgradeCheck = 1540;
				TargetAttributes = {
					7809B9592CC7D98600D089BF = {
						CreatedOnToolsVersion = 15.4;
					};
				};
			};
			buildConfigurationList = 7809B9552CC7D98600D089BF /* Build configuration list for PBXProject "App967" */;
			compatibilityVersion = "Xcode 14.0";
			developmentRegion = en;
			hasScannedForEncodings = 0;
			knownRegions = (
				en,
				Base,
			);
			mainGroup = 7809B9512CC7D98600D089BF;
			productRefGroup = 7809B95B2CC7D98600D089BF /* Products */;
			projectDirPath = "";
			projectRoot = "";
			targets = (
				7809B9592CC7D98600D089BF /* App967 */,
			);
		};
/* End PBXProject section */

/* Begin PBXResourcesBuildPhase section */
		7809B9582CC7D98600D089BF /* Resources */ = {
			isa = PBXResourcesBuildPhase;
			buildActionMask = 2147483647;
			files = (
				7809B9932CC7DD2900D089BF /* Launch Screen.storyboard in Resources */,
				7809B9662CC7D98800D089BF /* Preview Assets.xcassets in Resources */,
				7809B9622CC7D98800D089BF /* Assets.xcassets in Resources */,
			);
			runOnlyForDeploymentPostprocessing = 0;
		};
/* End PBXResourcesBuildPhase section */

/* Begin PBXSourcesBuildPhase section */
		7809B9562CC7D98600D089BF /* Sources */ = {
			isa = PBXSourcesBuildPhase;
			buildActionMask = 2147483647;
			files = (
				7809B9972CC80AFA00D089BF /* HomeViewModel.swift in Sources */,
				7809B98D2CC7DD0B00D089BF /* Reviews.swift in Sources */,
				7809B97D2CC7DAAD00D089BF /* SettingsView.swift in Sources */,
				7809B97B2CC7DAA700D089BF /* ObjectivesView.swift in Sources */,
				7809B9852CC7DCEC00D089BF /* R1.swift in Sources */,
				7809B9A22CC925CB00D089BF /* AddTask.swift in Sources */,
				7809B9872CC7DCF300D089BF /* R2.swift in Sources */,
				7809B99F2CC9240900D089BF /* ObjectivesViewModel.swift in Sources */,
				7809B9812CC7DCC000D089BF /* Array.swift in Sources */,
				7809B98B2CC7DD0400D089BF /* U1.swift in Sources */,
				7809B9832CC7DCE600D089BF /* TabBar.swift in Sources */,
				7809B9912CC7DD2100D089BF /* LoadingView.swift in Sources */,
				7809B9892CC7DCF800D089BF /* R3.swift in Sources */,
				7809B9792CC7DA9E00D089BF /* HomeView.swift in Sources */,
				7809B9952CC7DE0F00D089BF /* DateConvert.swift in Sources */,
				7809B97F2CC7DCB400D089BF /* CoreDataStack.swift in Sources */,
				7809B98F2CC7DD1800D089BF /* Not.swift in Sources */,
				7809B9602CC7D98600D089BF /* ContentView.swift in Sources */,
				7809B99D2CC8116E00D089BF /* CoreModel.xcdatamodeld in Sources */,
				7809B95E2CC7D98600D089BF /* App967App.swift in Sources */,
				7809B99A2CC8107700D089BF /* AddStat.swift in Sources */,
			);
			runOnlyForDeploymentPostprocessing = 0;
		};
/* End PBXSourcesBuildPhase section */

/* Begin XCBuildConfiguration section */
		7809B9672CC7D98800D089BF /* Debug */ = {
			isa = XCBuildConfiguration;
			buildSettings = {
				ALWAYS_SEARCH_USER_PATHS = NO;
				ASSETCATALOG_COMPILER_GENERATE_SWIFT_ASSET_SYMBOL_EXTENSIONS = YES;
				CLANG_ANALYZER_NONNULL = YES;
				CLANG_ANALYZER_NUMBER_OBJECT_CONVERSION = YES_AGGRESSIVE;
				CLANG_CXX_LANGUAGE_STANDARD = "gnu++20";
				CLANG_ENABLE_MODULES = YES;
				CLANG_ENABLE_OBJC_ARC = YES;
				CLANG_ENABLE_OBJC_WEAK = YES;
				CLANG_WARN_BLOCK_CAPTURE_AUTORELEASING = YES;
				CLANG_WARN_BOOL_CONVERSION = YES;
				CLANG_WARN_COMMA = YES;
				CLANG_WARN_CONSTANT_CONVERSION = YES;
				CLANG_WARN_DEPRECATED_OBJC_IMPLEMENTATIONS = YES;
				CLANG_WARN_DIRECT_OBJC_ISA_USAGE = YES_ERROR;
				CLANG_WARN_DOCUMENTATION_COMMENTS = YES;
				CLANG_WARN_EMPTY_BODY = YES;
				CLANG_WARN_ENUM_CONVERSION = YES;
				CLANG_WARN_INFINITE_RECURSION = YES;
				CLANG_WARN_INT_CONVERSION = YES;
				CLANG_WARN_NON_LITERAL_NULL_CONVERSION = YES;
				CLANG_WARN_OBJC_IMPLICIT_RETAIN_SELF = YES;
				CLANG_WARN_OBJC_LITERAL_CONVERSION = YES;
				CLANG_WARN_OBJC_ROOT_CLASS = YES_ERROR;
				CLANG_WARN_QUOTED_INCLUDE_IN_FRAMEWORK_HEADER = YES;
				CLANG_WARN_RANGE_LOOP_ANALYSIS = YES;
				CLANG_WARN_STRICT_PROTOTYPES = YES;
				CLANG_WARN_SUSPICIOUS_MOVE = YES;
				CLANG_WARN_UNGUARDED_AVAILABILITY = YES_AGGRESSIVE;
				CLANG_WARN_UNREACHABLE_CODE = YES;
				CLANG_WARN__DUPLICATE_METHOD_MATCH = YES;
				COPY_PHASE_STRIP = NO;
				DEBUG_INFORMATION_FORMAT = dwarf;
				ENABLE_STRICT_OBJC_MSGSEND = YES;
				ENABLE_TESTABILITY = YES;
				ENABLE_USER_SCRIPT_SANDBOXING = YES;
				GCC_C_LANGUAGE_STANDARD = gnu17;
				GCC_DYNAMIC_NO_PIC = NO;
				GCC_NO_COMMON_BLOCKS = YES;
				GCC_OPTIMIZATION_LEVEL = 0;
				GCC_PREPROCESSOR_DEFINITIONS = (
					"DEBUG=1",
					"$(inherited)",
				);
				GCC_WARN_64_TO_32_BIT_CONVERSION = YES;
				GCC_WARN_ABOUT_RETURN_TYPE = YES_ERROR;
				GCC_WARN_UNDECLARED_SELECTOR = YES;
				GCC_WARN_UNINITIALIZED_AUTOS = YES_AGGRESSIVE;
				GCC_WARN_UNUSED_FUNCTION = YES;
				GCC_WARN_UNUSED_VARIABLE = YES;
				LOCALIZATION_PREFERS_STRING_CATALOGS = YES;
				MTL_ENABLE_DEBUG_INFO = INCLUDE_SOURCE;
				MTL_FAST_MATH = YES;
				ONLY_ACTIVE_ARCH = YES;
				SWIFT_ACTIVE_COMPILATION_CONDITIONS = "DEBUG $(inherited)";
				SWIFT_OPTIMIZATION_LEVEL = "-Onone";
			};
			name = Debug;
		};
		7809B9682CC7D98800D089BF /* Release */ = {
			isa = XCBuildConfiguration;
			buildSettings = {
				ALWAYS_SEARCH_USER_PATHS = NO;
				ASSETCATALOG_COMPILER_GENERATE_SWIFT_ASSET_SYMBOL_EXTENSIONS = YES;
				CLANG_ANALYZER_NONNULL = YES;
				CLANG_ANALYZER_NUMBER_OBJECT_CONVERSION = YES_AGGRESSIVE;
				CLANG_CXX_LANGUAGE_STANDARD = "gnu++20";
				CLANG_ENABLE_MODULES = YES;
				CLANG_ENABLE_OBJC_ARC = YES;
				CLANG_ENABLE_OBJC_WEAK = YES;
				CLANG_WARN_BLOCK_CAPTURE_AUTORELEASING = YES;
				CLANG_WARN_BOOL_CONVERSION = YES;
				CLANG_WARN_COMMA = YES;
				CLANG_WARN_CONSTANT_CONVERSION = YES;
				CLANG_WARN_DEPRECATED_OBJC_IMPLEMENTATIONS = YES;
				CLANG_WARN_DIRECT_OBJC_ISA_USAGE = YES_ERROR;
				CLANG_WARN_DOCUMENTATION_COMMENTS = YES;
				CLANG_WARN_EMPTY_BODY = YES;
				CLANG_WARN_ENUM_CONVERSION = YES;
				CLANG_WARN_INFINITE_RECURSION = YES;
				CLANG_WARN_INT_CONVERSION = YES;
				CLANG_WARN_NON_LITERAL_NULL_CONVERSION = YES;
				CLANG_WARN_OBJC_IMPLICIT_RETAIN_SELF = YES;
				CLANG_WARN_OBJC_LITERAL_CONVERSION = YES;
				CLANG_WARN_OBJC_ROOT_CLASS = YES_ERROR;
				CLANG_WARN_QUOTED_INCLUDE_IN_FRAMEWORK_HEADER = YES;
				CLANG_WARN_RANGE_LOOP_ANALYSIS = YES;
				CLANG_WARN_STRICT_PROTOTYPES = YES;
				CLANG_WARN_SUSPICIOUS_MOVE = YES;
				CLANG_WARN_UNGUARDED_AVAILABILITY = YES_AGGRESSIVE;
				CLANG_WARN_UNREACHABLE_CODE = YES;
				CLANG_WARN__DUPLICATE_METHOD_MATCH = YES;
				COPY_PHASE_STRIP = NO;
				DEBUG_INFORMATION_FORMAT = "dwarf-with-dsym";
				ENABLE_NS_ASSERTIONS = NO;
				ENABLE_STRICT_OBJC_MSGSEND = YES;
				ENABLE_USER_SCRIPT_SANDBOXING = YES;
				GCC_C_LANGUAGE_STANDARD = gnu17;
				GCC_NO_COMMON_BLOCKS = YES;
				GCC_WARN_64_TO_32_BIT_CONVERSION = YES;
				GCC_WARN_ABOUT_RETURN_TYPE = YES_ERROR;
				GCC_WARN_UNDECLARED_SELECTOR = YES;
				GCC_WARN_UNINITIALIZED_AUTOS = YES_AGGRESSIVE;
				GCC_WARN_UNUSED_FUNCTION = YES;
				GCC_WARN_UNUSED_VARIABLE = YES;
				LOCALIZATION_PREFERS_STRING_CATALOGS = YES;
				MTL_ENABLE_DEBUG_INFO = NO;
				MTL_FAST_MATH = YES;
				SWIFT_COMPILATION_MODE = wholemodule;
			};
			name = Release;
		};
		7809B96A2CC7D98800D089BF /* Debug */ = {
			isa = XCBuildConfiguration;
			buildSettings = {
				ASSETCATALOG_COMPILER_APPICON_NAME = AppIcon;
				ASSETCATALOG_COMPILER_GLOBAL_ACCENT_COLOR_NAME = AccentColor;
				CODE_SIGN_ENTITLEMENTS = App967/App967.entitlements;
				CODE_SIGN_STYLE = Automatic;
				CURRENT_PROJECT_VERSION = 1;
				DEVELOPMENT_ASSET_PATHS = "\"App967/Preview Content\"";
				ENABLE_PREVIEWS = YES;
				GENERATE_INFOPLIST_FILE = YES;
				INFOPLIST_KEY_CFBundleDisplayName = StatCraftWin;
				"INFOPLIST_KEY_UIApplicationSceneManifest_Generation[sdk=iphoneos*]" = YES;
				"INFOPLIST_KEY_UIApplicationSceneManifest_Generation[sdk=iphonesimulator*]" = YES;
				"INFOPLIST_KEY_UIApplicationSupportsIndirectInputEvents[sdk=iphoneos*]" = YES;
				"INFOPLIST_KEY_UIApplicationSupportsIndirectInputEvents[sdk=iphonesimulator*]" = YES;
				"INFOPLIST_KEY_UILaunchScreen_Generation[sdk=iphoneos*]" = YES;
				"INFOPLIST_KEY_UILaunchScreen_Generation[sdk=iphonesimulator*]" = YES;
				INFOPLIST_KEY_UILaunchStoryboardName = "Launch Screen.storyboard";
				"INFOPLIST_KEY_UIStatusBarStyle[sdk=iphoneos*]" = UIStatusBarStyleDefault;
				"INFOPLIST_KEY_UIStatusBarStyle[sdk=iphonesimulator*]" = UIStatusBarStyleDefault;
				INFOPLIST_KEY_UISupportedInterfaceOrientations = UIInterfaceOrientationPortrait;
				INFOPLIST_KEY_UISupportedInterfaceOrientations_iPad = "UIInterfaceOrientationLandscapeLeft UIInterfaceOrientationLandscapeRight UIInterfaceOrientationPortrait UIInterfaceOrientationPortraitUpsideDown";
				IPHONEOS_DEPLOYMENT_TARGET = 14.0;
				LD_RUNPATH_SEARCH_PATHS = "@executable_path/Frameworks";
				"LD_RUNPATH_SEARCH_PATHS[sdk=macosx*]" = "@executable_path/../Frameworks";
				MACOSX_DEPLOYMENT_TARGET = 14.1;
				MARKETING_VERSION = 1.1;
				PRODUCT_BUNDLE_IDENTIFIER = IOI.App967;
				PRODUCT_NAME = "$(TARGET_NAME)";
				SDKROOT = auto;
				SUPPORTED_PLATFORMS = "iphoneos iphonesimulator";
				SUPPORTS_MACCATALYST = NO;
				SWIFT_EMIT_LOC_STRINGS = YES;
				SWIFT_VERSION = 5.0;
				TARGETED_DEVICE_FAMILY = 1;
			};
			name = Debug;
		};
		7809B96B2CC7D98800D089BF /* Release */ = {
			isa = XCBuildConfiguration;
			buildSettings = {
				ASSETCATALOG_COMPILER_APPICON_NAME = AppIcon;
				ASSETCATALOG_COMPILER_GLOBAL_ACCENT_COLOR_NAME = AccentColor;
				CODE_SIGN_ENTITLEMENTS = App967/App967.entitlements;
				CODE_SIGN_STYLE = Automatic;
				CURRENT_PROJECT_VERSION = 1;
				DEVELOPMENT_ASSET_PATHS = "\"App967/Preview Content\"";
				ENABLE_PREVIEWS = YES;
				GENERATE_INFOPLIST_FILE = YES;
				INFOPLIST_KEY_CFBundleDisplayName = StatCraftWin;
				"INFOPLIST_KEY_UIApplicationSceneManifest_Generation[sdk=iphoneos*]" = YES;
				"INFOPLIST_KEY_UIApplicationSceneManifest_Generation[sdk=iphonesimulator*]" = YES;
				"INFOPLIST_KEY_UIApplicationSupportsIndirectInputEvents[sdk=iphoneos*]" = YES;
				"INFOPLIST_KEY_UIApplicationSupportsIndirectInputEvents[sdk=iphonesimulator*]" = YES;
				"INFOPLIST_KEY_UILaunchScreen_Generation[sdk=iphoneos*]" = YES;
				"INFOPLIST_KEY_UILaunchScreen_Generation[sdk=iphonesimulator*]" = YES;
				INFOPLIST_KEY_UILaunchStoryboardName = "Launch Screen.storyboard";
				"INFOPLIST_KEY_UIStatusBarStyle[sdk=iphoneos*]" = UIStatusBarStyleDefault;
				"INFOPLIST_KEY_UIStatusBarStyle[sdk=iphonesimulator*]" = UIStatusBarStyleDefault;
				INFOPLIST_KEY_UISupportedInterfaceOrientations = UIInterfaceOrientationPortrait;
				INFOPLIST_KEY_UISupportedInterfaceOrientations_iPad = "UIInterfaceOrientationLandscapeLeft UIInterfaceOrientationLandscapeRight UIInterfaceOrientationPortrait UIInterfaceOrientationPortraitUpsideDown";
				IPHONEOS_DEPLOYMENT_TARGET = 14.0;
				LD_RUNPATH_SEARCH_PATHS = "@executable_path/Frameworks";
				"LD_RUNPATH_SEARCH_PATHS[sdk=macosx*]" = "@executable_path/../Frameworks";
				MACOSX_DEPLOYMENT_TARGET = 14.1;
				MARKETING_VERSION = 1.1;
				PRODUCT_BUNDLE_IDENTIFIER = IOI.App967;
				PRODUCT_NAME = "$(TARGET_NAME)";
				SDKROOT = auto;
				SUPPORTED_PLATFORMS = "iphoneos iphonesimulator";
				SUPPORTS_MACCATALYST = NO;
				SWIFT_EMIT_LOC_STRINGS = YES;
				SWIFT_VERSION = 5.0;
				TARGETED_DEVICE_FAMILY = 1;
			};
			name = Release;
		};
/* End XCBuildConfiguration section */

/* Begin XCConfigurationList section */
		7809B9552CC7D98600D089BF /* Build configuration list for PBXProject "App967" */ = {
			isa = XCConfigurationList;
			buildConfigurations = (
				7809B9672CC7D98800D089BF /* Debug */,
				7809B9682CC7D98800D089BF /* Release */,
			);
			defaultConfigurationIsVisible = 0;
			defaultConfigurationName = Release;
		};
		7809B9692CC7D98800D089BF /* Build configuration list for PBXNativeTarget "App967" */ = {
			isa = XCConfigurationList;
			buildConfigurations = (
				7809B96A2CC7D98800D089BF /* Debug */,
				7809B96B2CC7D98800D089BF /* Release */,
			);
			defaultConfigurationIsVisible = 0;
			defaultConfigurationName = Release;
		};
/* End XCConfigurationList section */

/* Begin XCVersionGroup section */
		7809B99B2CC8116E00D089BF /* CoreModel.xcdatamodeld */ = {
			isa = XCVersionGroup;
			children = (
				7809B99C2CC8116E00D089BF /* CoreModel.xcdatamodel */,
			);
			currentVersion = 7809B99C2CC8116E00D089BF /* CoreModel.xcdatamodel */;
			name = CoreModel.xcdatamodeld;
			path = /Users/igor/Documents/Applications/App967/App967/Project/Extensions/CoreModel.xcdatamodeld;
			sourceTree = "<group>";
			versionGroupType = wrapper.xcdatamodel;
		};
/* End XCVersionGroup section */
	};
	rootObject = 7809B9522CC7D98600D089BF /* Project object */;
}
